
Microsoft Visual Studio Solution File, Format Version 12.00
# Visual Studio Version 17
VisualStudioVersion = 17.10.35122.118
MinimumVisualStudioVersion = 10.0.40219.1
Project("{FAE04EC0-301F-11D3-BF4B-00C04F79EFBC}") = "Bodega_Vinos", "Bodega_Vinos\Bodega_Vinos.csproj", "{095C9B76-2082-4127-8175-3CE3503DD4B2}"
EndProject
Global
	GlobalSection(SolutionConfigurationPlatforms) = preSolution
		Debug|Any CPU = Debug|Any CPU
		Release|Any CPU = Release|Any CPU
	EndGlobalSection
	GlobalSection(ProjectConfigurationPlatforms) = postSolution
		{095C9B76-2082-4127-8175-3CE3503DD4B2}.Debug|Any CPU.ActiveCfg = Debug|Any CPU
		{095C9B76-2082-4127-8175-3CE3503DD4B2}.Debug|Any CPU.Build.0 = Debug|Any CPU
		{095C9B76-2082-4127-8175-3CE3503DD4B2}.Release|Any CPU.ActiveCfg = Release|Any CPU
		{095C9B76-2082-4127-8175-3CE3503DD4B2}.Release|Any CPU.Build.0 = Release|Any CPU
	EndGlobalSection
	GlobalSection(SolutionProperties) = preSolution
		HideSolutionNode = FALSE
	EndGlobalSection
	GlobalSection(ExtensibilityGlobals) = postSolution
		SolutionGuid = {714C499D-8A1E-40C5-AA94-758EC465456F}
	EndGlobalSection
EndGlobal
